{
  "requires": true,
  "lockfileVersion": 1,
  "dependencies": {
    "react-form": {
      "version": "4.0.1",
      "resolved": "https://registry.npmjs.org/react-form/-/react-form-4.0.1.tgz",
      "integrity": "sha512-vhsCuBLZJYjm6vd8TBxIhIWeB/8Jg4mmmiR3Zj+1zIGBM39qJf1CLqekadLp0J9NeW0EsZxUnBtbmEnMeZ/7Pw=="
    }
  }
}
